
Microsoft Visual Studio Solution File, Format Version 12.00
# Visual Studio Version 16
VisualStudioVersion = 16.0.32630.194
MinimumVisualStudioVersion = 10.0.40219.1
Project("{2150E333-8FDC-42A3-9474-1A3956D46DE8}") = "FrondEnd", "FrondEnd", "{1657F603-C4B4-42F3-901D-9E3C65AEF7D0}"
EndProject
Project("{2150E333-8FDC-42A3-9474-1A3956D46DE8}") = "Services", "Services", "{BED6562E-012C-4B1F-83EA-686727069EE3}"
EndProject
Project("{FAE04EC0-301F-11D3-BF4B-00C04F79EFBC}") = "GeekShopping.Web", "FrontEnd\GeekShopping.Web\GeekShopping.Web.csproj", "{F3C4718A-260E-42AF-83BB-BEA09C482123}"
EndProject
Project("{FAE04EC0-301F-11D3-BF4B-00C04F79EFBC}") = "GeekShopping.ProductAPI", "Services\GeekShopping.ProductAPI\GeekShopping.ProductAPI.csproj", "{1BC272F1-CE0B-4284-8586-607D4FB63F8D}"
EndProject
Global
	GlobalSection(SolutionConfigurationPlatforms) = preSolution
		Debug|Any CPU = Debug|Any CPU
		Release|Any CPU = Release|Any CPU
	EndGlobalSection
	GlobalSection(ProjectConfigurationPlatforms) = postSolution
		{F3C4718A-260E-42AF-83BB-BEA09C482123}.Debug|Any CPU.ActiveCfg = Debug|Any CPU
		{F3C4718A-260E-42AF-83BB-BEA09C482123}.Debug|Any CPU.Build.0 = Debug|Any CPU
		{F3C4718A-260E-42AF-83BB-BEA09C482123}.Release|Any CPU.ActiveCfg = Release|Any CPU
		{F3C4718A-260E-42AF-83BB-BEA09C482123}.Release|Any CPU.Build.0 = Release|Any CPU
		{1BC272F1-CE0B-4284-8586-607D4FB63F8D}.Debug|Any CPU.ActiveCfg = Debug|Any CPU
		{1BC272F1-CE0B-4284-8586-607D4FB63F8D}.Debug|Any CPU.Build.0 = Debug|Any CPU
		{1BC272F1-CE0B-4284-8586-607D4FB63F8D}.Release|Any CPU.ActiveCfg = Release|Any CPU
		{1BC272F1-CE0B-4284-8586-607D4FB63F8D}.Release|Any CPU.Build.0 = Release|Any CPU
	EndGlobalSection
	GlobalSection(SolutionProperties) = preSolution
		HideSolutionNode = FALSE
	EndGlobalSection
	GlobalSection(NestedProjects) = preSolution
		{F3C4718A-260E-42AF-83BB-BEA09C482123} = {1657F603-C4B4-42F3-901D-9E3C65AEF7D0}
		{1BC272F1-CE0B-4284-8586-607D4FB63F8D} = {BED6562E-012C-4B1F-83EA-686727069EE3}
	EndGlobalSection
	GlobalSection(ExtensibilityGlobals) = postSolution
		SolutionGuid = {82E2D6CC-6006-4DE3-8546-48DB14D5F2C9}
	EndGlobalSection
EndGlobal
